// !$*UTF8*$!
{
	archiveVersion = 1;
	classes = {
	};
	objectVersion = 56;
	objects = {

/* Begin PBXBuildFile section */
		407FC6852A3C8AA7009D2E2D /* CustomIndicatorView.xib in Resources */ = {isa = PBXBuildFile; fileRef = 407FC6842A3C8AA6009D2E2D /* CustomIndicatorView.xib */; };
		407FC6872A3CAA64009D2E2D /* ValidationRulesView.swift in Sources */ = {isa = PBXBuildFile; fileRef = 407FC6862A3CAA64009D2E2D /* ValidationRulesView.swift */; };
		407FC6892A3CAE86009D2E2D /* CustomIndicatorView.swift in Sources */ = {isa = PBXBuildFile; fileRef = 407FC6882A3CAE86009D2E2D /* CustomIndicatorView.swift */; };
		408052472A3B52A90076B72F /* LinkView.swift in Sources */ = {isa = PBXBuildFile; fileRef = 408052462A3B52A90076B72F /* LinkView.swift */; };
		40AE6D8C2A437ADC00432DC9 /* ExtantionUIView.swift in Sources */ = {isa = PBXBuildFile; fileRef = 40AE6D8B2A437ADC00432DC9 /* ExtantionUIView.swift */; };
		40B92E972A27E75700FBAE64 /* AppDelegate.swift in Sources */ = {isa = PBXBuildFile; fileRef = 40B92E962A27E75700FBAE64 /* AppDelegate.swift */; };
		40B92E992A27E75700FBAE64 /* SceneDelegate.swift in Sources */ = {isa = PBXBuildFile; fileRef = 40B92E982A27E75700FBAE64 /* SceneDelegate.swift */; };
		40B92E9B2A27E75700FBAE64 /* TextFieldsViewController.swift in Sources */ = {isa = PBXBuildFile; fileRef = 40B92E9A2A27E75700FBAE64 /* TextFieldsViewController.swift */; };
		40B92E9E2A27E75700FBAE64 /* Main.storyboard in Resources */ = {isa = PBXBuildFile; fileRef = 40B92E9C2A27E75700FBAE64 /* Main.storyboard */; };
		40B92EA02A27E75900FBAE64 /* Assets.xcassets in Resources */ = {isa = PBXBuildFile; fileRef = 40B92E9F2A27E75900FBAE64 /* Assets.xcassets */; };
		40B92EA32A27E75900FBAE64 /* LaunchScreen.storyboard in Resources */ = {isa = PBXBuildFile; fileRef = 40B92EA12A27E75900FBAE64 /* LaunchScreen.storyboard */; };
		40B92EB22A293C2A00FBAE64 /* CustomViewForTextField.swift in Sources */ = {isa = PBXBuildFile; fileRef = 40B92EB12A293C2A00FBAE64 /* CustomViewForTextField.swift */; };
		40B92EB42A293C5800FBAE64 /* CustomViewForTextField.xib in Resources */ = {isa = PBXBuildFile; fileRef = 40B92EB32A293C5800FBAE64 /* CustomViewForTextField.xib */; };
		40B92EBA2A2A0A1A00FBAE64 /* CharacterCountUpdater.swift in Sources */ = {isa = PBXBuildFile; fileRef = 40B92EB92A2A0A1A00FBAE64 /* CharacterCountUpdater.swift */; };
		40E2E1C82A2F864800BB0342 /* NoDigitsView.swift in Sources */ = {isa = PBXBuildFile; fileRef = 40E2E1C72A2F864800BB0342 /* NoDigitsView.swift */; };
		40E2E1CC2A321EEB00BB0342 /* OnlyCharactersView.swift in Sources */ = {isa = PBXBuildFile; fileRef = 40E2E1CB2A321EEB00BB0342 /* OnlyCharactersView.swift */; };
/* End PBXBuildFile section */

/* Begin PBXFileReference section */
		407FC6842A3C8AA6009D2E2D /* CustomIndicatorView.xib */ = {isa = PBXFileReference; lastKnownFileType = file.xib; path = CustomIndicatorView.xib; sourceTree = "<group>"; };
		407FC6862A3CAA64009D2E2D /* ValidationRulesView.swift */ = {isa = PBXFileReference; lastKnownFileType = sourcecode.swift; path = ValidationRulesView.swift; sourceTree = "<group>"; };
		407FC6882A3CAE86009D2E2D /* CustomIndicatorView.swift */ = {isa = PBXFileReference; lastKnownFileType = sourcecode.swift; path = CustomIndicatorView.swift; sourceTree = "<group>"; };
		408052462A3B52A90076B72F /* LinkView.swift */ = {isa = PBXFileReference; lastKnownFileType = sourcecode.swift; path = LinkView.swift; sourceTree = "<group>"; };
		40AE6D8B2A437ADC00432DC9 /* ExtantionUIView.swift */ = {isa = PBXFileReference; lastKnownFileType = sourcecode.swift; path = ExtantionUIView.swift; sourceTree = "<group>"; };
		40B92E932A27E75700FBAE64 /* Text Field.app */ = {isa = PBXFileReference; explicitFileType = wrapper.application; includeInIndex = 0; path = "Text Field.app"; sourceTree = BUILT_PRODUCTS_DIR; };
		40B92E962A27E75700FBAE64 /* AppDelegate.swift */ = {isa = PBXFileReference; lastKnownFileType = sourcecode.swift; path = AppDelegate.swift; sourceTree = "<group>"; };
		40B92E982A27E75700FBAE64 /* SceneDelegate.swift */ = {isa = PBXFileReference; lastKnownFileType = sourcecode.swift; path = SceneDelegate.swift; sourceTree = "<group>"; };
		40B92E9A2A27E75700FBAE64 /* TextFieldsViewController.swift */ = {isa = PBXFileReference; lastKnownFileType = sourcecode.swift; path = TextFieldsViewController.swift; sourceTree = "<group>"; };
		40B92E9D2A27E75700FBAE64 /* Base */ = {isa = PBXFileReference; lastKnownFileType = file.storyboard; name = Base; path = Base.lproj/Main.storyboard; sourceTree = "<group>"; };
		40B92E9F2A27E75900FBAE64 /* Assets.xcassets */ = {isa = PBXFileReference; lastKnownFileType = folder.assetcatalog; path = Assets.xcassets; sourceTree = "<group>"; };
		40B92EA22A27E75900FBAE64 /* Base */ = {isa = PBXFileReference; lastKnownFileType = file.storyboard; name = Base; path = Base.lproj/LaunchScreen.storyboard; sourceTree = "<group>"; };
		40B92EA42A27E75900FBAE64 /* Info.plist */ = {isa = PBXFileReference; lastKnownFileType = text.plist.xml; path = Info.plist; sourceTree = "<group>"; };
		40B92EB12A293C2A00FBAE64 /* CustomViewForTextField.swift */ = {isa = PBXFileReference; lastKnownFileType = sourcecode.swift; path = CustomViewForTextField.swift; sourceTree = "<group>"; };
		40B92EB32A293C5800FBAE64 /* CustomViewForTextField.xib */ = {isa = PBXFileReference; lastKnownFileType = file.xib; path = CustomViewForTextField.xib; sourceTree = "<group>"; };
		40B92EB92A2A0A1A00FBAE64 /* CharacterCountUpdater.swift */ = {isa = PBXFileReference; lastKnownFileType = sourcecode.swift; path = CharacterCountUpdater.swift; sourceTree = "<group>"; };
		40E2E1C72A2F864800BB0342 /* NoDigitsView.swift */ = {isa = PBXFileReference; lastKnownFileType = sourcecode.swift; path = NoDigitsView.swift; sourceTree = "<group>"; };
		40E2E1CB2A321EEB00BB0342 /* OnlyCharactersView.swift */ = {isa = PBXFileReference; lastKnownFileType = sourcecode.swift; path = OnlyCharactersView.swift; sourceTree = "<group>"; };
/* End PBXFileReference section */

/* Begin PBXFrameworksBuildPhase section */
		40B92E902A27E75700FBAE64 /* Frameworks */ = {
			isa = PBXFrameworksBuildPhase;
			buildActionMask = 2147483647;
			files = (
			);
			runOnlyForDeploymentPostprocessing = 0;
		};
/* End PBXFrameworksBuildPhase section */

/* Begin PBXGroup section */
		40B92E8A2A27E75700FBAE64 = {
			isa = PBXGroup;
			children = (
				40B92E952A27E75700FBAE64 /* Text Field */,
				40B92E942A27E75700FBAE64 /* Products */,
			);
			sourceTree = "<group>";
		};
		40B92E942A27E75700FBAE64 /* Products */ = {
			isa = PBXGroup;
			children = (
				40B92E932A27E75700FBAE64 /* Text Field.app */,
			);
			name = Products;
			sourceTree = "<group>";
		};
		40B92E952A27E75700FBAE64 /* Text Field */ = {
			isa = PBXGroup;
			children = (
				40B92E962A27E75700FBAE64 /* AppDelegate.swift */,
				40B92E982A27E75700FBAE64 /* SceneDelegate.swift */,
				40B92EAA2A292BCF00FBAE64 /* Model */,
				40B92EAB2A292BDB00FBAE64 /* View */,
				40B92EAC2A292BE200FBAE64 /* Controller */,
				40B92E9F2A27E75900FBAE64 /* Assets.xcassets */,
				40B92EA12A27E75900FBAE64 /* LaunchScreen.storyboard */,
				40B92EA42A27E75900FBAE64 /* Info.plist */,
			);
			path = "Text Field";
			sourceTree = "<group>";
		};
		40B92EAA2A292BCF00FBAE64 /* Model */ = {
			isa = PBXGroup;
			children = (
				40B92EB92A2A0A1A00FBAE64 /* CharacterCountUpdater.swift */,
				40E2E1C72A2F864800BB0342 /* NoDigitsView.swift */,
				40E2E1CB2A321EEB00BB0342 /* OnlyCharactersView.swift */,
				408052462A3B52A90076B72F /* LinkView.swift */,
				407FC6862A3CAA64009D2E2D /* ValidationRulesView.swift */,
			);
			path = Model;
			sourceTree = "<group>";
		};
		40B92EAB2A292BDB00FBAE64 /* View */ = {
			isa = PBXGroup;
			children = (
				40B92E9C2A27E75700FBAE64 /* Main.storyboard */,
				40B92EB32A293C5800FBAE64 /* CustomViewForTextField.xib */,
				407FC6842A3C8AA6009D2E2D /* CustomIndicatorView.xib */,
			);
			path = View;
			sourceTree = "<group>";
		};
		40B92EAC2A292BE200FBAE64 /* Controller */ = {
			isa = PBXGroup;
			children = (
				40B92E9A2A27E75700FBAE64 /* TextFieldsViewController.swift */,
				40B92EB12A293C2A00FBAE64 /* CustomViewForTextField.swift */,
				407FC6882A3CAE86009D2E2D /* CustomIndicatorView.swift */,
				40AE6D8B2A437ADC00432DC9 /* ExtantionUIView.swift */,
			);
			path = Controller;
			sourceTree = "<group>";
		};
/* End PBXGroup section */

/* Begin PBXNativeTarget section */
		40B92E922A27E75700FBAE64 /* Text Field */ = {
			isa = PBXNativeTarget;
			buildConfigurationList = 40B92EA72A27E75900FBAE64 /* Build configuration list for PBXNativeTarget "Text Field" */;
			buildPhases = (
				40B92E8F2A27E75700FBAE64 /* Sources */,
				40B92E902A27E75700FBAE64 /* Frameworks */,
				40B92E912A27E75700FBAE64 /* Resources */,
			);
			buildRules = (
			);
			dependencies = (
			);
			name = "Text Field";
			productName = "Text Field";
			productReference = 40B92E932A27E75700FBAE64 /* Text Field.app */;
			productType = "com.apple.product-type.application";
		};
/* End PBXNativeTarget section */

/* Begin PBXProject section */
		40B92E8B2A27E75700FBAE64 /* Project object */ = {
			isa = PBXProject;
			attributes = {
				BuildIndependentTargetsInParallel = 1;
				LastSwiftUpdateCheck = 1430;
				LastUpgradeCheck = 1430;
				TargetAttributes = {
					40B92E922A27E75700FBAE64 = {
						CreatedOnToolsVersion = 14.3;
					};
				};
			};
			buildConfigurationList = 40B92E8E2A27E75700FBAE64 /* Build configuration list for PBXProject "Text Field" */;
			compatibilityVersion = "Xcode 14.0";
			developmentRegion = en;
			hasScannedForEncodings = 0;
			knownRegions = (
				en,
				Base,
			);
			mainGroup = 40B92E8A2A27E75700FBAE64;
			productRefGroup = 40B92E942A27E75700FBAE64 /* Products */;
			projectDirPath = "";
			projectRoot = "";
			targets = (
				40B92E922A27E75700FBAE64 /* Text Field */,
			);
		};
/* End PBXProject section */

/* Begin PBXResourcesBuildPhase section */
		40B92E912A27E75700FBAE64 /* Resources */ = {
			isa = PBXResourcesBuildPhase;
			buildActionMask = 2147483647;
			files = (
				40B92EB42A293C5800FBAE64 /* CustomViewForTextField.xib in Resources */,
				40B92EA32A27E75900FBAE64 /* LaunchScreen.storyboard in Resources */,
				40B92EA02A27E75900FBAE64 /* Assets.xcassets in Resources */,
				407FC6852A3C8AA7009D2E2D /* CustomIndicatorView.xib in Resources */,
				40B92E9E2A27E75700FBAE64 /* Main.storyboard in Resources */,
			);
			runOnlyForDeploymentPostprocessing = 0;
		};
/* End PBXResourcesBuildPhase section */

/* Begin PBXSourcesBuildPhase section */
		40B92E8F2A27E75700FBAE64 /* Sources */ = {
			isa = PBXSourcesBuildPhase;
			buildActionMask = 2147483647;
			files = (
				40B92EB22A293C2A00FBAE64 /* CustomViewForTextField.swift in Sources */,
				40E2E1C82A2F864800BB0342 /* NoDigitsView.swift in Sources */,
				40B92E9B2A27E75700FBAE64 /* TextFieldsViewController.swift in Sources */,
				407FC6892A3CAE86009D2E2D /* CustomIndicatorView.swift in Sources */,
				40B92E972A27E75700FBAE64 /* AppDelegate.swift in Sources */,
				40B92EBA2A2A0A1A00FBAE64 /* CharacterCountUpdater.swift in Sources */,
				407FC6872A3CAA64009D2E2D /* ValidationRulesView.swift in Sources */,
				408052472A3B52A90076B72F /* LinkView.swift in Sources */,
				40B92E992A27E75700FBAE64 /* SceneDelegate.swift in Sources */,
				40AE6D8C2A437ADC00432DC9 /* ExtantionUIView.swift in Sources */,
				40E2E1CC2A321EEB00BB0342 /* OnlyCharactersView.swift in Sources */,
			);
			runOnlyForDeploymentPostprocessing = 0;
		};
/* End PBXSourcesBuildPhase section */

/* Begin PBXVariantGroup section */
		40B92E9C2A27E75700FBAE64 /* Main.storyboard */ = {
			isa = PBXVariantGroup;
			children = (
				40B92E9D2A27E75700FBAE64 /* Base */,
			);
			name = Main.storyboard;
			sourceTree = "<group>";
		};
		40B92EA12A27E75900FBAE64 /* LaunchScreen.storyboard */ = {
			isa = PBXVariantGroup;
			children = (
				40B92EA22A27E75900FBAE64 /* Base */,
			);
			name = LaunchScreen.storyboard;
			sourceTree = "<group>";
		};
/* End PBXVariantGroup section */

/* Begin XCBuildConfiguration section */
		40B92EA52A27E75900FBAE64 /* Debug */ = {
			isa = XCBuildConfiguration;
			buildSettings = {
				ALWAYS_SEARCH_USER_PATHS = NO;
				CLANG_ANALYZER_NONNULL = YES;
				CLANG_ANALYZER_NUMBER_OBJECT_CONVERSION = YES_AGGRESSIVE;
				CLANG_CXX_LANGUAGE_STANDARD = "gnu++20";
				CLANG_ENABLE_MODULES = YES;
				CLANG_ENABLE_OBJC_ARC = YES;
				CLANG_ENABLE_OBJC_WEAK = YES;
				CLANG_WARN_BLOCK_CAPTURE_AUTORELEASING = YES;
				CLANG_WARN_BOOL_CONVERSION = YES;
				CLANG_WARN_COMMA = YES;
				CLANG_WARN_CONSTANT_CONVERSION = YES;
				CLANG_WARN_DEPRECATED_OBJC_IMPLEMENTATIONS = YES;
				CLANG_WARN_DIRECT_OBJC_ISA_USAGE = YES_ERROR;
				CLANG_WARN_DOCUMENTATION_COMMENTS = YES;
				CLANG_WARN_EMPTY_BODY = YES;
				CLANG_WARN_ENUM_CONVERSION = YES;
				CLANG_WARN_INFINITE_RECURSION = YES;
				CLANG_WARN_INT_CONVERSION = YES;
				CLANG_WARN_NON_LITERAL_NULL_CONVERSION = YES;
				CLANG_WARN_OBJC_IMPLICIT_RETAIN_SELF = YES;
				CLANG_WARN_OBJC_LITERAL_CONVERSION = YES;
				CLANG_WARN_OBJC_ROOT_CLASS = YES_ERROR;
				CLANG_WARN_QUOTED_INCLUDE_IN_FRAMEWORK_HEADER = YES;
				CLANG_WARN_RANGE_LOOP_ANALYSIS = YES;
				CLANG_WARN_STRICT_PROTOTYPES = YES;
				CLANG_WARN_SUSPICIOUS_MOVE = YES;
				CLANG_WARN_UNGUARDED_AVAILABILITY = YES_AGGRESSIVE;
				CLANG_WARN_UNREACHABLE_CODE = YES;
				CLANG_WARN__DUPLICATE_METHOD_MATCH = YES;
				COPY_PHASE_STRIP = NO;
				DEBUG_INFORMATION_FORMAT = dwarf;
				ENABLE_STRICT_OBJC_MSGSEND = YES;
				ENABLE_TESTABILITY = YES;
				GCC_C_LANGUAGE_STANDARD = gnu11;
				GCC_DYNAMIC_NO_PIC = NO;
				GCC_NO_COMMON_BLOCKS = YES;
				GCC_OPTIMIZATION_LEVEL = 0;
				GCC_PREPROCESSOR_DEFINITIONS = (
					"DEBUG=1",
					"$(inherited)",
				);
				GCC_WARN_64_TO_32_BIT_CONVERSION = YES;
				GCC_WARN_ABOUT_RETURN_TYPE = YES_ERROR;
				GCC_WARN_UNDECLARED_SELECTOR = YES;
				GCC_WARN_UNINITIALIZED_AUTOS = YES_AGGRESSIVE;
				GCC_WARN_UNUSED_FUNCTION = YES;
				GCC_WARN_UNUSED_VARIABLE = YES;
				IPHONEOS_DEPLOYMENT_TARGET = 16.4;
				MTL_ENABLE_DEBUG_INFO = INCLUDE_SOURCE;
				MTL_FAST_MATH = YES;
				ONLY_ACTIVE_ARCH = YES;
				SDKROOT = iphoneos;
				SWIFT_ACTIVE_COMPILATION_CONDITIONS = DEBUG;
				SWIFT_OPTIMIZATION_LEVEL = "-Onone";
			};
			name = Debug;
		};
		40B92EA62A27E75900FBAE64 /* Release */ = {
			isa = XCBuildConfiguration;
			buildSettings = {
				ALWAYS_SEARCH_USER_PATHS = NO;
				CLANG_ANALYZER_NONNULL = YES;
				CLANG_ANALYZER_NUMBER_OBJECT_CONVERSION = YES_AGGRESSIVE;
				CLANG_CXX_LANGUAGE_STANDARD = "gnu++20";
				CLANG_ENABLE_MODULES = YES;
				CLANG_ENABLE_OBJC_ARC = YES;
				CLANG_ENABLE_OBJC_WEAK = YES;
				CLANG_WARN_BLOCK_CAPTURE_AUTORELEASING = YES;
				CLANG_WARN_BOOL_CONVERSION = YES;
				CLANG_WARN_COMMA = YES;
				CLANG_WARN_CONSTANT_CONVERSION = YES;
				CLANG_WARN_DEPRECATED_OBJC_IMPLEMENTATIONS = YES;
				CLANG_WARN_DIRECT_OBJC_ISA_USAGE = YES_ERROR;
				CLANG_WARN_DOCUMENTATION_COMMENTS = YES;
				CLANG_WARN_EMPTY_BODY = YES;
				CLANG_WARN_ENUM_CONVERSION = YES;
				CLANG_WARN_INFINITE_RECURSION = YES;
				CLANG_WARN_INT_CONVERSION = YES;
				CLANG_WARN_NON_LITERAL_NULL_CONVERSION = YES;
				CLANG_WARN_OBJC_IMPLICIT_RETAIN_SELF = YES;
				CLANG_WARN_OBJC_LITERAL_CONVERSION = YES;
				CLANG_WARN_OBJC_ROOT_CLASS = YES_ERROR;
				CLANG_WARN_QUOTED_INCLUDE_IN_FRAMEWORK_HEADER = YES;
				CLANG_WARN_RANGE_LOOP_ANALYSIS = YES;
				CLANG_WARN_STRICT_PROTOTYPES = YES;
				CLANG_WARN_SUSPICIOUS_MOVE = YES;
				CLANG_WARN_UNGUARDED_AVAILABILITY = YES_AGGRESSIVE;
				CLANG_WARN_UNREACHABLE_CODE = YES;
				CLANG_WARN__DUPLICATE_METHOD_MATCH = YES;
				COPY_PHASE_STRIP = NO;
				DEBUG_INFORMATION_FORMAT = "dwarf-with-dsym";
				ENABLE_NS_ASSERTIONS = NO;
				ENABLE_STRICT_OBJC_MSGSEND = YES;
				GCC_C_LANGUAGE_STANDARD = gnu11;
				GCC_NO_COMMON_BLOCKS = YES;
				GCC_WARN_64_TO_32_BIT_CONVERSION = YES;
				GCC_WARN_ABOUT_RETURN_TYPE = YES_ERROR;
				GCC_WARN_UNDECLARED_SELECTOR = YES;
				GCC_WARN_UNINITIALIZED_AUTOS = YES_AGGRESSIVE;
				GCC_WARN_UNUSED_FUNCTION = YES;
				GCC_WARN_UNUSED_VARIABLE = YES;
				IPHONEOS_DEPLOYMENT_TARGET = 16.4;
				MTL_ENABLE_DEBUG_INFO = NO;
				MTL_FAST_MATH = YES;
				SDKROOT = iphoneos;
				SWIFT_COMPILATION_MODE = wholemodule;
				SWIFT_OPTIMIZATION_LEVEL = "-O";
				VALIDATE_PRODUCT = YES;
			};
			name = Release;
		};
		40B92EA82A27E75900FBAE64 /* Debug */ = {
			isa = XCBuildConfiguration;
			buildSettings = {
				ASSETCATALOG_COMPILER_APPICON_NAME = AppIcon;
				ASSETCATALOG_COMPILER_GLOBAL_ACCENT_COLOR_NAME = AccentColor;
				CODE_SIGN_STYLE = Automatic;
				CURRENT_PROJECT_VERSION = 1;
				DEVELOPMENT_TEAM = MZQ6ZJQYAL;
				GENERATE_INFOPLIST_FILE = YES;
				INFOPLIST_FILE = "Text Field/Info.plist";
				INFOPLIST_KEY_UIApplicationSupportsIndirectInputEvents = YES;
				INFOPLIST_KEY_UILaunchStoryboardName = LaunchScreen;
				INFOPLIST_KEY_UIMainStoryboardFile = Main;
				INFOPLIST_KEY_UISupportedInterfaceOrientations_iPad = "UIInterfaceOrientationPortrait UIInterfaceOrientationPortraitUpsideDown UIInterfaceOrientationLandscapeLeft UIInterfaceOrientationLandscapeRight";
				INFOPLIST_KEY_UISupportedInterfaceOrientations_iPhone = "UIInterfaceOrientationPortrait UIInterfaceOrientationLandscapeLeft UIInterfaceOrientationLandscapeRight";
				LD_RUNPATH_SEARCH_PATHS = (
					"$(inherited)",
					"@executable_path/Frameworks",
				);
				MARKETING_VERSION = 1.0;
				PRODUCT_BUNDLE_IDENTIFIER = "com.shablii.Text-Field";
				PRODUCT_NAME = "$(TARGET_NAME)";
				SWIFT_EMIT_LOC_STRINGS = YES;
				SWIFT_VERSION = 5.0;
				TARGETED_DEVICE_FAMILY = "1,2";
			};
			name = Debug;
		};
		40B92EA92A27E75900FBAE64 /* Release */ = {
			isa = XCBuildConfiguration;
			buildSettings = {
				ASSETCATALOG_COMPILER_APPICON_NAME = AppIcon;
				ASSETCATALOG_COMPILER_GLOBAL_ACCENT_COLOR_NAME = AccentColor;
				CODE_SIGN_STYLE = Automatic;
				CURRENT_PROJECT_VERSION = 1;
				DEVELOPMENT_TEAM = MZQ6ZJQYAL;
				GENERATE_INFOPLIST_FILE = YES;
				INFOPLIST_FILE = "Text Field/Info.plist";
				INFOPLIST_KEY_UIApplicationSupportsIndirectInputEvents = YES;
				INFOPLIST_KEY_UILaunchStoryboardName = LaunchScreen;
				INFOPLIST_KEY_UIMainStoryboardFile = Main;
				INFOPLIST_KEY_UISupportedInterfaceOrientations_iPad = "UIInterfaceOrientationPortrait UIInterfaceOrientationPortraitUpsideDown UIInterfaceOrientationLandscapeLeft UIInterfaceOrientationLandscapeRight";
				INFOPLIST_KEY_UISupportedInterfaceOrientations_iPhone = "UIInterfaceOrientationPortrait UIInterfaceOrientationLandscapeLeft UIInterfaceOrientationLandscapeRight";
				LD_RUNPATH_SEARCH_PATHS = (
					"$(inherited)",
					"@executable_path/Frameworks",
				);
				MARKETING_VERSION = 1.0;
				PRODUCT_BUNDLE_IDENTIFIER = "com.shablii.Text-Field";
				PRODUCT_NAME = "$(TARGET_NAME)";
				SWIFT_EMIT_LOC_STRINGS = YES;
				SWIFT_VERSION = 5.0;
				TARGETED_DEVICE_FAMILY = "1,2";
			};
			name = Release;
		};
/* End XCBuildConfiguration section */

/* Begin XCConfigurationList section */
		40B92E8E2A27E75700FBAE64 /* Build configuration list for PBXProject "Text Field" */ = {
			isa = XCConfigurationList;
			buildConfigurations = (
				40B92EA52A27E75900FBAE64 /* Debug */,
				40B92EA62A27E75900FBAE64 /* Release */,
			);
			defaultConfigurationIsVisible = 0;
			defaultConfigurationName = Release;
		};
		40B92EA72A27E75900FBAE64 /* Build configuration list for PBXNativeTarget "Text Field" */ = {
			isa = XCConfigurationList;
			buildConfigurations = (
				40B92EA82A27E75900FBAE64 /* Debug */,
				40B92EA92A27E75900FBAE64 /* Release */,
			);
			defaultConfigurationIsVisible = 0;
			defaultConfigurationName = Release;
		};
/* End XCConfigurationList section */
	};
	rootObject = 40B92E8B2A27E75700FBAE64 /* Project object */;
}
